
Microsoft Visual Studio Solution File, Format Version 12.00
# Visual Studio Version 17
VisualStudioVersion = 17.6.33801.468
MinimumVisualStudioVersion = 10.0.40219.1
Project("{FAE04EC0-301F-11D3-BF4B-00C04F79EFBC}") = "AlanAwake2", "AlanAwake2\AlanAwake2.csproj", "{354632F3-EBE2-4BAE-96BE-50328B47E895}"
EndProject
Global
	GlobalSection(SolutionConfigurationPlatforms) = preSolution
		Debug|Any CPU = Debug|Any CPU
		Release|Any CPU = Release|Any CPU
	EndGlobalSection
	GlobalSection(ProjectConfigurationPlatforms) = postSolution
		{354632F3-EBE2-4BAE-96BE-50328B47E895}.Debug|Any CPU.ActiveCfg = Debug|Any CPU
		{354632F3-EBE2-4BAE-96BE-50328B47E895}.Debug|Any CPU.Build.0 = Debug|Any CPU
		{354632F3-EBE2-4BAE-96BE-50328B47E895}.Release|Any CPU.ActiveCfg = Release|Any CPU
		{354632F3-EBE2-4BAE-96BE-50328B47E895}.Release|Any CPU.Build.0 = Release|Any CPU
	EndGlobalSection
	GlobalSection(SolutionProperties) = preSolution
		HideSolutionNode = FALSE
	EndGlobalSection
	GlobalSection(ExtensibilityGlobals) = postSolution
		SolutionGuid = {2979960A-1845-4732-99DF-00A9C7EAD709}
	EndGlobalSection
EndGlobal
